{
  "name": "vuepress-start",
  "version": "1.0.0",
  "lockfileVersion": 1,
  "requires": true,
  "dependencies": {
    "@vuepress/plugin-back-to-top": {
      "version": "1.5.4",
      "resolved": "https://registry.npm.taobao.org/@vuepress/plugin-back-to-top/download/@vuepress/plugin-back-to-top-1.5.4.tgz",
      "dev": true,
      "requires": {
        "lodash.debounce": "^4.0.8"
      },
      "dependencies": {
        "lodash.debounce": {
          "version": "4.0.8",
          "bundled": true,
          "dev": true
        }
      }
    }
  }
}
